
Microsoft Visual Studio Solution File, Format Version 12.00
# Visual Studio 2012
Project("{FAE04EC0-301F-11D3-BF4B-00C04F79EFBC}") = "QCStudioPlugin", "QCStudioPlugin\QCStudioPlugin.csproj", "{D178E9E6-3A4C-4BF5-82D5-A6B1F2215963}"
EndProject
Project("{2150E333-8FDC-42A3-9474-1A3956D46DE8}") = "Extensions", "Extensions", "{2B37EF7C-91BB-458B-831C-B948593CC957}"
EndProject
Project("{FAE04EC0-301F-11D3-BF4B-00C04F79EFBC}") = "QCTerminalControl", "QCTerminalControl\QCTerminalControl.csproj", "{840958DF-68DD-4109-884D-29BAEC73780F}"
EndProject
Project("{FAE04EC0-301F-11D3-BF4B-00C04F79EFBC}") = "ZedGraphUIControl", "ZedGraphControl\ZedGraphUIControl.csproj", "{01A36B7C-AB4E-4BD4-9E2E-113E6A73526F}"
EndProject
Project("{FAE04EC0-301F-11D3-BF4B-00C04F79EFBC}") = "QCInterfaces", "QCInterfaces\QCInterfaces.csproj", "{CED3A407-0BEE-4F69-9FB1-8B3B84BB0ABE}"
EndProject
Project("{2150E333-8FDC-42A3-9474-1A3956D46DE8}") = ".nuget", ".nuget", "{0BE3856A-69E5-44A3-ABE2-9F515626F6B8}"
	ProjectSection(SolutionItems) = preProject
		.nuget\NuGet.Config = .nuget\NuGet.Config
		.nuget\NuGet.exe = .nuget\NuGet.exe
		.nuget\NuGet.targets = .nuget\NuGet.targets
	EndProjectSection
EndProject
Global
	GlobalSection(SolutionConfigurationPlatforms) = preSolution
		Debug|Any CPU = Debug|Any CPU
		Debug|x64 = Debug|x64
		Mono|Any CPU = Mono|Any CPU
		Mono|x64 = Mono|x64
		Release|Any CPU = Release|Any CPU
		Release|x64 = Release|x64
	EndGlobalSection
	GlobalSection(ProjectConfigurationPlatforms) = postSolution
		{D178E9E6-3A4C-4BF5-82D5-A6B1F2215963}.Debug|Any CPU.ActiveCfg = Debug|Any CPU
		{D178E9E6-3A4C-4BF5-82D5-A6B1F2215963}.Debug|Any CPU.Build.0 = Debug|Any CPU
		{D178E9E6-3A4C-4BF5-82D5-A6B1F2215963}.Debug|x64.ActiveCfg = Debug|Any CPU
		{D178E9E6-3A4C-4BF5-82D5-A6B1F2215963}.Mono|Any CPU.ActiveCfg = Release|Any CPU
		{D178E9E6-3A4C-4BF5-82D5-A6B1F2215963}.Mono|Any CPU.Build.0 = Release|Any CPU
		{D178E9E6-3A4C-4BF5-82D5-A6B1F2215963}.Mono|x64.ActiveCfg = Release|Any CPU
		{D178E9E6-3A4C-4BF5-82D5-A6B1F2215963}.Release|Any CPU.ActiveCfg = Release|Any CPU
		{D178E9E6-3A4C-4BF5-82D5-A6B1F2215963}.Release|Any CPU.Build.0 = Release|Any CPU
		{D178E9E6-3A4C-4BF5-82D5-A6B1F2215963}.Release|x64.ActiveCfg = Release|Any CPU
		{840958DF-68DD-4109-884D-29BAEC73780F}.Debug|Any CPU.ActiveCfg = Debug|Any CPU
		{840958DF-68DD-4109-884D-29BAEC73780F}.Debug|Any CPU.Build.0 = Debug|Any CPU
		{840958DF-68DD-4109-884D-29BAEC73780F}.Debug|x64.ActiveCfg = Debug|Any CPU
		{840958DF-68DD-4109-884D-29BAEC73780F}.Mono|Any CPU.ActiveCfg = Release|Any CPU
		{840958DF-68DD-4109-884D-29BAEC73780F}.Mono|Any CPU.Build.0 = Release|Any CPU
		{840958DF-68DD-4109-884D-29BAEC73780F}.Mono|x64.ActiveCfg = Release|Any CPU
		{840958DF-68DD-4109-884D-29BAEC73780F}.Release|Any CPU.ActiveCfg = Release|Any CPU
		{840958DF-68DD-4109-884D-29BAEC73780F}.Release|Any CPU.Build.0 = Release|Any CPU
		{840958DF-68DD-4109-884D-29BAEC73780F}.Release|x64.ActiveCfg = Release|Any CPU
		{01A36B7C-AB4E-4BD4-9E2E-113E6A73526F}.Debug|Any CPU.ActiveCfg = Debug|Any CPU
		{01A36B7C-AB4E-4BD4-9E2E-113E6A73526F}.Debug|Any CPU.Build.0 = Debug|Any CPU
		{01A36B7C-AB4E-4BD4-9E2E-113E6A73526F}.Debug|x64.ActiveCfg = Debug|Any CPU
		{01A36B7C-AB4E-4BD4-9E2E-113E6A73526F}.Mono|Any CPU.ActiveCfg = Release|Any CPU
		{01A36B7C-AB4E-4BD4-9E2E-113E6A73526F}.Mono|Any CPU.Build.0 = Release|Any CPU
		{01A36B7C-AB4E-4BD4-9E2E-113E6A73526F}.Mono|x64.ActiveCfg = Release|Any CPU
		{01A36B7C-AB4E-4BD4-9E2E-113E6A73526F}.Release|Any CPU.ActiveCfg = Release|Any CPU
		{01A36B7C-AB4E-4BD4-9E2E-113E6A73526F}.Release|Any CPU.Build.0 = Release|Any CPU
		{01A36B7C-AB4E-4BD4-9E2E-113E6A73526F}.Release|x64.ActiveCfg = Release|Any CPU
		{CED3A407-0BEE-4F69-9FB1-8B3B84BB0ABE}.Debug|Any CPU.ActiveCfg = Debug|Any CPU
		{CED3A407-0BEE-4F69-9FB1-8B3B84BB0ABE}.Debug|Any CPU.Build.0 = Debug|Any CPU
		{CED3A407-0BEE-4F69-9FB1-8B3B84BB0ABE}.Debug|x64.ActiveCfg = Debug|Any CPU
		{CED3A407-0BEE-4F69-9FB1-8B3B84BB0ABE}.Mono|Any CPU.ActiveCfg = Release|Any CPU
		{CED3A407-0BEE-4F69-9FB1-8B3B84BB0ABE}.Mono|Any CPU.Build.0 = Release|Any CPU
		{CED3A407-0BEE-4F69-9FB1-8B3B84BB0ABE}.Mono|x64.ActiveCfg = Release|Any CPU
		{CED3A407-0BEE-4F69-9FB1-8B3B84BB0ABE}.Release|Any CPU.ActiveCfg = Release|Any CPU
		{CED3A407-0BEE-4F69-9FB1-8B3B84BB0ABE}.Release|Any CPU.Build.0 = Release|Any CPU
		{CED3A407-0BEE-4F69-9FB1-8B3B84BB0ABE}.Release|x64.ActiveCfg = Release|Any CPU
	EndGlobalSection
	GlobalSection(SolutionProperties) = preSolution
		HideSolutionNode = FALSE
	EndGlobalSection
	GlobalSection(NestedProjects) = preSolution
		{840958DF-68DD-4109-884D-29BAEC73780F} = {2B37EF7C-91BB-458B-831C-B948593CC957}
		{01A36B7C-AB4E-4BD4-9E2E-113E6A73526F} = {2B37EF7C-91BB-458B-831C-B948593CC957}
		{CED3A407-0BEE-4F69-9FB1-8B3B84BB0ABE} = {2B37EF7C-91BB-458B-831C-B948593CC957}
	EndGlobalSection
EndGlobal
