
Microsoft Visual Studio Solution File, Format Version 12.00
# Visual Studio 2012
Project("{FAE04EC0-301F-11D3-BF4B-00C04F79EFBC}") = "QCStudioPlugin", "QCStudioPlugin\QCStudioPlugin.csproj", "{D178E9E6-3A4C-4BF5-82D5-A6B1F2215963}"
EndProject
Project("{FAE04EC0-301F-11D3-BF4B-00C04F79EFBC}") = "RestAPIDemo", "RestAPIDemo\RestAPIDemo.csproj", "{94DD2756-8259-422C-B421-B3B84E3CF65C}"
EndProject
Project("{FAE04EC0-301F-11D3-BF4B-00C04F79EFBC}") = "QCAlgorithmTemplate", "QCAlgorithm\QCAlgorithmTemplate.csproj", "{D267A6CD-EBC4-4F8F-AF7E-84453E55E4D9}"
EndProject
Project("{FAE04EC0-301F-11D3-BF4B-00C04F79EFBC}") = "NuGetPackager", "NuGet.Packager\NuGetPackager.csproj", "{0451BAEF-DF2E-4B98-8644-94EE9415E389}"
EndProject
Global
	GlobalSection(SolutionConfigurationPlatforms) = preSolution
		Debug|Any CPU = Debug|Any CPU
		Debug|x64 = Debug|x64
		Mono|Any CPU = Mono|Any CPU
		Mono|x64 = Mono|x64
		Release|Any CPU = Release|Any CPU
		Release|x64 = Release|x64
	EndGlobalSection
	GlobalSection(ProjectConfigurationPlatforms) = postSolution
		{D178E9E6-3A4C-4BF5-82D5-A6B1F2215963}.Debug|Any CPU.ActiveCfg = Debug|Any CPU
		{D178E9E6-3A4C-4BF5-82D5-A6B1F2215963}.Debug|Any CPU.Build.0 = Debug|Any CPU
		{D178E9E6-3A4C-4BF5-82D5-A6B1F2215963}.Debug|x64.ActiveCfg = Debug|Any CPU
		{D178E9E6-3A4C-4BF5-82D5-A6B1F2215963}.Mono|Any CPU.ActiveCfg = Release|Any CPU
		{D178E9E6-3A4C-4BF5-82D5-A6B1F2215963}.Mono|Any CPU.Build.0 = Release|Any CPU
		{D178E9E6-3A4C-4BF5-82D5-A6B1F2215963}.Mono|x64.ActiveCfg = Release|Any CPU
		{D178E9E6-3A4C-4BF5-82D5-A6B1F2215963}.Release|Any CPU.ActiveCfg = Release|Any CPU
		{D178E9E6-3A4C-4BF5-82D5-A6B1F2215963}.Release|Any CPU.Build.0 = Release|Any CPU
		{D178E9E6-3A4C-4BF5-82D5-A6B1F2215963}.Release|x64.ActiveCfg = Release|Any CPU
		{94DD2756-8259-422C-B421-B3B84E3CF65C}.Debug|Any CPU.ActiveCfg = Debug|Any CPU
		{94DD2756-8259-422C-B421-B3B84E3CF65C}.Debug|Any CPU.Build.0 = Debug|Any CPU
		{94DD2756-8259-422C-B421-B3B84E3CF65C}.Debug|x64.ActiveCfg = Debug|Any CPU
		{94DD2756-8259-422C-B421-B3B84E3CF65C}.Mono|Any CPU.ActiveCfg = Release|Any CPU
		{94DD2756-8259-422C-B421-B3B84E3CF65C}.Mono|Any CPU.Build.0 = Release|Any CPU
		{94DD2756-8259-422C-B421-B3B84E3CF65C}.Mono|x64.ActiveCfg = Release|Any CPU
		{94DD2756-8259-422C-B421-B3B84E3CF65C}.Release|Any CPU.ActiveCfg = Release|Any CPU
		{94DD2756-8259-422C-B421-B3B84E3CF65C}.Release|Any CPU.Build.0 = Release|Any CPU
		{94DD2756-8259-422C-B421-B3B84E3CF65C}.Release|x64.ActiveCfg = Release|Any CPU
		{D267A6CD-EBC4-4F8F-AF7E-84453E55E4D9}.Debug|Any CPU.ActiveCfg = Debug|Any CPU
		{D267A6CD-EBC4-4F8F-AF7E-84453E55E4D9}.Debug|Any CPU.Build.0 = Debug|Any CPU
		{D267A6CD-EBC4-4F8F-AF7E-84453E55E4D9}.Debug|x64.ActiveCfg = Debug|Any CPU
		{D267A6CD-EBC4-4F8F-AF7E-84453E55E4D9}.Mono|Any CPU.ActiveCfg = Release|Any CPU
		{D267A6CD-EBC4-4F8F-AF7E-84453E55E4D9}.Mono|Any CPU.Build.0 = Release|Any CPU
		{D267A6CD-EBC4-4F8F-AF7E-84453E55E4D9}.Mono|x64.ActiveCfg = Release|Any CPU
		{D267A6CD-EBC4-4F8F-AF7E-84453E55E4D9}.Release|Any CPU.ActiveCfg = Release|Any CPU
		{D267A6CD-EBC4-4F8F-AF7E-84453E55E4D9}.Release|Any CPU.Build.0 = Release|Any CPU
		{D267A6CD-EBC4-4F8F-AF7E-84453E55E4D9}.Release|x64.ActiveCfg = Release|Any CPU
		{0451BAEF-DF2E-4B98-8644-94EE9415E389}.Debug|Any CPU.ActiveCfg = Debug|Any CPU
		{0451BAEF-DF2E-4B98-8644-94EE9415E389}.Debug|Any CPU.Build.0 = Debug|Any CPU
		{0451BAEF-DF2E-4B98-8644-94EE9415E389}.Debug|x64.ActiveCfg = Debug|Any CPU
		{0451BAEF-DF2E-4B98-8644-94EE9415E389}.Mono|Any CPU.ActiveCfg = Release|Any CPU
		{0451BAEF-DF2E-4B98-8644-94EE9415E389}.Mono|Any CPU.Build.0 = Release|Any CPU
		{0451BAEF-DF2E-4B98-8644-94EE9415E389}.Mono|x64.ActiveCfg = Release|Any CPU
		{0451BAEF-DF2E-4B98-8644-94EE9415E389}.Release|Any CPU.ActiveCfg = Release|Any CPU
		{0451BAEF-DF2E-4B98-8644-94EE9415E389}.Release|Any CPU.Build.0 = Release|Any CPU
		{0451BAEF-DF2E-4B98-8644-94EE9415E389}.Release|x64.ActiveCfg = Release|Any CPU
	EndGlobalSection
	GlobalSection(SolutionProperties) = preSolution
		HideSolutionNode = FALSE
	EndGlobalSection
EndGlobal
